// !$*UTF8*$!
{
	archiveVersion = 1;
	classes = {
	};
	objectVersion = 46;
	objects = {

/* Begin PBXBuildFile section */
		7D0145A01DBBE8DC002FA6E7 /* Overwatch.swift in Sources */ = {isa = PBXBuildFile; fileRef = 7D01459F1DBBE8DC002FA6E7 /* Overwatch.swift */; };
		7D0145A21DBBEBC7002FA6E7 /* HeroView.xib in Resources */ = {isa = PBXBuildFile; fileRef = 7D0145A11DBBEBC7002FA6E7 /* HeroView.xib */; };
		7D0145A41DBBEBF5002FA6E7 /* HeroView.swift in Sources */ = {isa = PBXBuildFile; fileRef = 7D0145A31DBBEBF5002FA6E7 /* HeroView.swift */; };
		7D0145A61DBC0EAC002FA6E7 /* HeroTableViewCell.swift in Sources */ = {isa = PBXBuildFile; fileRef = 7D0145A51DBC0EAC002FA6E7 /* HeroTableViewCell.swift */; };
		7D0145A81DBC0F48002FA6E7 /* HeroTableViewController.swift in Sources */ = {isa = PBXBuildFile; fileRef = 7D0145A71DBC0F48002FA6E7 /* HeroTableViewController.swift */; };
		7D0145AA1DBC3EA1002FA6E7 /* HeroSectionView.xib in Resources */ = {isa = PBXBuildFile; fileRef = 7D0145A91DBC3EA1002FA6E7 /* HeroSectionView.xib */; };
		7D0145AC1DBC3EB2002FA6E7 /* HeroSectionView.swift in Sources */ = {isa = PBXBuildFile; fileRef = 7D0145AB1DBC3EB2002FA6E7 /* HeroSectionView.swift */; };
		7D16556E1DBD155F00A69CDE /* McCreeWeaponView.xib in Resources */ = {isa = PBXBuildFile; fileRef = 7D16556D1DBD155F00A69CDE /* McCreeWeaponView.xib */; };
		7D1655701DBD156E00A69CDE /* McCreeWeaponView.swift in Sources */ = {isa = PBXBuildFile; fileRef = 7D16556F1DBD156E00A69CDE /* McCreeWeaponView.swift */; };
		7D1655741DBD1ABF00A69CDE /* smoke.png in Resources */ = {isa = PBXBuildFile; fileRef = 7D1655721DBD1ABF00A69CDE /* smoke.png */; };
		7D1655761DBD2E7300A69CDE /* ItsHighNoon.mp3 in Resources */ = {isa = PBXBuildFile; fileRef = 7D1655751DBD2E7300A69CDE /* ItsHighNoon.mp3 */; };
		7D1655781DBD3A4900A69CDE /* McCreeSmoke.scnp in Resources */ = {isa = PBXBuildFile; fileRef = 7D1655771DBD3A4900A69CDE /* McCreeSmoke.scnp */; };
		7D16557A1DBD5E6000A69CDE /* Extensions.swift in Sources */ = {isa = PBXBuildFile; fileRef = 7D1655791DBD5E6000A69CDE /* Extensions.swift */; };
		7D16557C1DBD5F2200A69CDE /* HeroAttributes.swift in Sources */ = {isa = PBXBuildFile; fileRef = 7D16557B1DBD5F2200A69CDE /* HeroAttributes.swift */; };
		7D1655831DBDA09D00A69CDE /* HeroDetailViewController.swift in Sources */ = {isa = PBXBuildFile; fileRef = 7D1655821DBDA09D00A69CDE /* HeroDetailViewController.swift */; };
		7D168DA31DBB04420035B5D5 /* OverwatchHero.swift in Sources */ = {isa = PBXBuildFile; fileRef = 7D168DA21DBB04420035B5D5 /* OverwatchHero.swift */; };
		7D168DA51DBB0EBB0035B5D5 /* Hero.swift in Sources */ = {isa = PBXBuildFile; fileRef = 7D168DA41DBB0EBB0035B5D5 /* Hero.swift */; };
		7D6793251DBC876A0011D3D6 /* AVFoundation.framework in Frameworks */ = {isa = PBXBuildFile; fileRef = 7D6793241DBC876A0011D3D6 /* AVFoundation.framework */; };
		7D6793271DBC87A10011D3D6 /* GunShot.wav in Resources */ = {isa = PBXBuildFile; fileRef = 7D6793261DBC87A10011D3D6 /* GunShot.wav */; };
		7D6793291DBC8A180011D3D6 /* GunShot2.wav in Resources */ = {isa = PBXBuildFile; fileRef = 7D6793281DBC8A180011D3D6 /* GunShot2.wav */; };
		7D67932B1DBC941D0011D3D6 /* ElectricSound.wav in Resources */ = {isa = PBXBuildFile; fileRef = 7D67932A1DBC941D0011D3D6 /* ElectricSound.wav */; };
		7D67932D1DBC96BD0011D3D6 /* ZaryaShot.wav in Resources */ = {isa = PBXBuildFile; fileRef = 7D67932C1DBC96BD0011D3D6 /* ZaryaShot.wav */; };
		7D79E4C61DBB039D004E18F5 /* AppDelegate.swift in Sources */ = {isa = PBXBuildFile; fileRef = 7D79E4C51DBB039D004E18F5 /* AppDelegate.swift */; };
		7D79E4CB1DBB039D004E18F5 /* Main.storyboard in Resources */ = {isa = PBXBuildFile; fileRef = 7D79E4C91DBB039D004E18F5 /* Main.storyboard */; };
		7D79E4CD1DBB039D004E18F5 /* Assets.xcassets in Resources */ = {isa = PBXBuildFile; fileRef = 7D79E4CC1DBB039D004E18F5 /* Assets.xcassets */; };
		7D79E4D01DBB039D004E18F5 /* LaunchScreen.storyboard in Resources */ = {isa = PBXBuildFile; fileRef = 7D79E4CE1DBB039D004E18F5 /* LaunchScreen.storyboard */; };
		7DE52D301DC586C1000D680E /* star.png in Resources */ = {isa = PBXBuildFile; fileRef = 7DE52D2E1DC586C1000D680E /* star.png */; };
		7DE52D321DC58844000D680E /* HeroPortraitView.swift in Sources */ = {isa = PBXBuildFile; fileRef = 7DE52D311DC58844000D680E /* HeroPortraitView.swift */; };
		7DE52D341DC5885A000D680E /* HeroPortraitView.xib in Resources */ = {isa = PBXBuildFile; fileRef = 7DE52D331DC5885A000D680E /* HeroPortraitView.xib */; };
		7DE52D381DC590C2000D680E /* spark.png in Resources */ = {isa = PBXBuildFile; fileRef = 7DE52D361DC590C2000D680E /* spark.png */; };
		7DE52D3C1DC59810000D680E /* confetti.png in Resources */ = {isa = PBXBuildFile; fileRef = 7DE52D3A1DC59810000D680E /* confetti.png */; };
		7DE52D421DC5998F000D680E /* bokeh.png in Resources */ = {isa = PBXBuildFile; fileRef = 7DE52D401DC5998F000D680E /* bokeh.png */; };
		7DE52D461DC59E46000D680E /* StarStuff.scnp in Resources */ = {isa = PBXBuildFile; fileRef = 7DE52D451DC59E46000D680E /* StarStuff.scnp */; };
		7DE52D481DC5AAF3000D680E /* HeroStoryView.xib in Resources */ = {isa = PBXBuildFile; fileRef = 7DE52D471DC5AAF3000D680E /* HeroStoryView.xib */; };
		7DE52D4A1DC5AB0D000D680E /* HeroStoryView.swift in Sources */ = {isa = PBXBuildFile; fileRef = 7DE52D491DC5AB0D000D680E /* HeroStoryView.swift */; };
		7DE52D4D1DC62E7D000D680E /* GenjiStory.txt in Resources */ = {isa = PBXBuildFile; fileRef = 7DE52D4C1DC62E7D000D680E /* GenjiStory.txt */; };
		7DE52D521DC69458000D680E /* McCreeStory.txt in Resources */ = {isa = PBXBuildFile; fileRef = 7DE52D4E1DC69458000D680E /* McCreeStory.txt */; };
		7DE52D531DC69458000D680E /* PharahStory.txt in Resources */ = {isa = PBXBuildFile; fileRef = 7DE52D4F1DC69458000D680E /* PharahStory.txt */; };
		7DE52D541DC69458000D680E /* ReaperStory.txt in Resources */ = {isa = PBXBuildFile; fileRef = 7DE52D501DC69458000D680E /* ReaperStory.txt */; };
		7DE52D551DC69458000D680E /* SoldierStory.txt in Resources */ = {isa = PBXBuildFile; fileRef = 7DE52D511DC69458000D680E /* SoldierStory.txt */; };
		7DE52D571DC6945E000D680E /* TracerStory.txt in Resources */ = {isa = PBXBuildFile; fileRef = 7DE52D561DC6945E000D680E /* TracerStory.txt */; };
/* End PBXBuildFile section */

/* Begin PBXFileReference section */
		7D01459F1DBBE8DC002FA6E7 /* Overwatch.swift */ = {isa = PBXFileReference; fileEncoding = 4; lastKnownFileType = sourcecode.swift; path = Overwatch.swift; sourceTree = "<group>"; };
		7D0145A11DBBEBC7002FA6E7 /* HeroView.xib */ = {isa = PBXFileReference; fileEncoding = 4; lastKnownFileType = file.xib; path = HeroView.xib; sourceTree = "<group>"; };
		7D0145A31DBBEBF5002FA6E7 /* HeroView.swift */ = {isa = PBXFileReference; fileEncoding = 4; lastKnownFileType = sourcecode.swift; path = HeroView.swift; sourceTree = "<group>"; };
		7D0145A51DBC0EAC002FA6E7 /* HeroTableViewCell.swift */ = {isa = PBXFileReference; fileEncoding = 4; lastKnownFileType = sourcecode.swift; path = HeroTableViewCell.swift; sourceTree = "<group>"; };
		7D0145A71DBC0F48002FA6E7 /* HeroTableViewController.swift */ = {isa = PBXFileReference; fileEncoding = 4; lastKnownFileType = sourcecode.swift; path = HeroTableViewController.swift; sourceTree = "<group>"; };
		7D0145A91DBC3EA1002FA6E7 /* HeroSectionView.xib */ = {isa = PBXFileReference; fileEncoding = 4; lastKnownFileType = file.xib; path = HeroSectionView.xib; sourceTree = "<group>"; };
		7D0145AB1DBC3EB2002FA6E7 /* HeroSectionView.swift */ = {isa = PBXFileReference; fileEncoding = 4; lastKnownFileType = sourcecode.swift; path = HeroSectionView.swift; sourceTree = "<group>"; };
		7D16556D1DBD155F00A69CDE /* McCreeWeaponView.xib */ = {isa = PBXFileReference; fileEncoding = 4; lastKnownFileType = file.xib; path = McCreeWeaponView.xib; sourceTree = "<group>"; };
		7D16556F1DBD156E00A69CDE /* McCreeWeaponView.swift */ = {isa = PBXFileReference; fileEncoding = 4; lastKnownFileType = sourcecode.swift; path = McCreeWeaponView.swift; sourceTree = "<group>"; };
		7D1655721DBD1ABF00A69CDE /* smoke.png */ = {isa = PBXFileReference; lastKnownFileType = image.png; path = smoke.png; sourceTree = "<group>"; };
		7D1655751DBD2E7300A69CDE /* ItsHighNoon.mp3 */ = {isa = PBXFileReference; lastKnownFileType = audio.mp3; path = ItsHighNoon.mp3; sourceTree = "<group>"; };
		7D1655771DBD3A4900A69CDE /* McCreeSmoke.scnp */ = {isa = PBXFileReference; lastKnownFileType = file.scp; path = McCreeSmoke.scnp; sourceTree = "<group>"; };
		7D1655791DBD5E6000A69CDE /* Extensions.swift */ = {isa = PBXFileReference; fileEncoding = 4; lastKnownFileType = sourcecode.swift; path = Extensions.swift; sourceTree = "<group>"; };
		7D16557B1DBD5F2200A69CDE /* HeroAttributes.swift */ = {isa = PBXFileReference; fileEncoding = 4; lastKnownFileType = sourcecode.swift; path = HeroAttributes.swift; sourceTree = "<group>"; };
		7D1655821DBDA09D00A69CDE /* HeroDetailViewController.swift */ = {isa = PBXFileReference; fileEncoding = 4; lastKnownFileType = sourcecode.swift; path = HeroDetailViewController.swift; sourceTree = "<group>"; };
		7D168DA21DBB04420035B5D5 /* OverwatchHero.swift */ = {isa = PBXFileReference; fileEncoding = 4; lastKnownFileType = sourcecode.swift; path = OverwatchHero.swift; sourceTree = "<group>"; };
		7D168DA41DBB0EBB0035B5D5 /* Hero.swift */ = {isa = PBXFileReference; fileEncoding = 4; lastKnownFileType = sourcecode.swift; path = Hero.swift; sourceTree = "<group>"; };
		7D6793241DBC876A0011D3D6 /* AVFoundation.framework */ = {isa = PBXFileReference; lastKnownFileType = wrapper.framework; name = AVFoundation.framework; path = System/Library/Frameworks/AVFoundation.framework; sourceTree = SDKROOT; };
		7D6793261DBC87A10011D3D6 /* GunShot.wav */ = {isa = PBXFileReference; lastKnownFileType = audio.wav; path = GunShot.wav; sourceTree = "<group>"; };
		7D6793281DBC8A180011D3D6 /* GunShot2.wav */ = {isa = PBXFileReference; lastKnownFileType = audio.wav; path = GunShot2.wav; sourceTree = "<group>"; };
		7D67932A1DBC941D0011D3D6 /* ElectricSound.wav */ = {isa = PBXFileReference; lastKnownFileType = audio.wav; path = ElectricSound.wav; sourceTree = "<group>"; };
		7D67932C1DBC96BD0011D3D6 /* ZaryaShot.wav */ = {isa = PBXFileReference; lastKnownFileType = audio.wav; path = ZaryaShot.wav; sourceTree = "<group>"; };
		7D79E4C21DBB039D004E18F5 /* Overwatch.app */ = {isa = PBXFileReference; explicitFileType = wrapper.application; includeInIndex = 0; path = Overwatch.app; sourceTree = BUILT_PRODUCTS_DIR; };
		7D79E4C51DBB039D004E18F5 /* AppDelegate.swift */ = {isa = PBXFileReference; lastKnownFileType = sourcecode.swift; path = AppDelegate.swift; sourceTree = "<group>"; };
		7D79E4CA1DBB039D004E18F5 /* Base */ = {isa = PBXFileReference; lastKnownFileType = file.storyboard; name = Base; path = Base.lproj/Main.storyboard; sourceTree = "<group>"; };
		7D79E4CC1DBB039D004E18F5 /* Assets.xcassets */ = {isa = PBXFileReference; lastKnownFileType = folder.assetcatalog; path = Assets.xcassets; sourceTree = "<group>"; };
		7D79E4CF1DBB039D004E18F5 /* Base */ = {isa = PBXFileReference; lastKnownFileType = file.storyboard; name = Base; path = Base.lproj/LaunchScreen.storyboard; sourceTree = "<group>"; };
		7D79E4D11DBB039D004E18F5 /* Info.plist */ = {isa = PBXFileReference; lastKnownFileType = text.plist.xml; path = Info.plist; sourceTree = "<group>"; };
		7DE52D2E1DC586C1000D680E /* star.png */ = {isa = PBXFileReference; lastKnownFileType = image.png; path = star.png; sourceTree = "<group>"; };
		7DE52D311DC58844000D680E /* HeroPortraitView.swift */ = {isa = PBXFileReference; fileEncoding = 4; lastKnownFileType = sourcecode.swift; path = HeroPortraitView.swift; sourceTree = "<group>"; };
		7DE52D331DC5885A000D680E /* HeroPortraitView.xib */ = {isa = PBXFileReference; fileEncoding = 4; lastKnownFileType = file.xib; path = HeroPortraitView.xib; sourceTree = "<group>"; };
		7DE52D361DC590C2000D680E /* spark.png */ = {isa = PBXFileReference; lastKnownFileType = image.png; path = spark.png; sourceTree = "<group>"; };
		7DE52D3A1DC59810000D680E /* confetti.png */ = {isa = PBXFileReference; lastKnownFileType = image.png; path = confetti.png; sourceTree = "<group>"; };
		7DE52D401DC5998F000D680E /* bokeh.png */ = {isa = PBXFileReference; lastKnownFileType = image.png; path = bokeh.png; sourceTree = "<group>"; };
		7DE52D451DC59E46000D680E /* StarStuff.scnp */ = {isa = PBXFileReference; lastKnownFileType = file.scp; path = StarStuff.scnp; sourceTree = "<group>"; };
		7DE52D471DC5AAF3000D680E /* HeroStoryView.xib */ = {isa = PBXFileReference; fileEncoding = 4; lastKnownFileType = file.xib; path = HeroStoryView.xib; sourceTree = "<group>"; };
		7DE52D491DC5AB0D000D680E /* HeroStoryView.swift */ = {isa = PBXFileReference; fileEncoding = 4; lastKnownFileType = sourcecode.swift; path = HeroStoryView.swift; sourceTree = "<group>"; };
		7DE52D4C1DC62E7D000D680E /* GenjiStory.txt */ = {isa = PBXFileReference; fileEncoding = 4; lastKnownFileType = text; path = GenjiStory.txt; sourceTree = "<group>"; };
		7DE52D4E1DC69458000D680E /* McCreeStory.txt */ = {isa = PBXFileReference; fileEncoding = 4; lastKnownFileType = text; path = McCreeStory.txt; sourceTree = "<group>"; };
		7DE52D4F1DC69458000D680E /* PharahStory.txt */ = {isa = PBXFileReference; fileEncoding = 4; lastKnownFileType = text; path = PharahStory.txt; sourceTree = "<group>"; };
		7DE52D501DC69458000D680E /* ReaperStory.txt */ = {isa = PBXFileReference; fileEncoding = 4; lastKnownFileType = text; path = ReaperStory.txt; sourceTree = "<group>"; };
		7DE52D511DC69458000D680E /* SoldierStory.txt */ = {isa = PBXFileReference; fileEncoding = 4; lastKnownFileType = text; path = SoldierStory.txt; sourceTree = "<group>"; };
		7DE52D561DC6945E000D680E /* TracerStory.txt */ = {isa = PBXFileReference; fileEncoding = 4; lastKnownFileType = text; path = TracerStory.txt; sourceTree = "<group>"; };
/* End PBXFileReference section */

/* Begin PBXFrameworksBuildPhase section */
		7D79E4BF1DBB039C004E18F5 /* Frameworks */ = {
			isa = PBXFrameworksBuildPhase;
			buildActionMask = 2147483647;
			files = (
				7D6793251DBC876A0011D3D6 /* AVFoundation.framework in Frameworks */,
			);
			runOnlyForDeploymentPostprocessing = 0;
		};
/* End PBXFrameworksBuildPhase section */

/* Begin PBXGroup section */
		7D16557D1DBD5FAB00A69CDE /* Models */ = {
			isa = PBXGroup;
			children = (
				7D168DA41DBB0EBB0035B5D5 /* Hero.swift */,
				7D168DA21DBB04420035B5D5 /* OverwatchHero.swift */,
				7D16557B1DBD5F2200A69CDE /* HeroAttributes.swift */,
				7D01459F1DBBE8DC002FA6E7 /* Overwatch.swift */,
				7D1655791DBD5E6000A69CDE /* Extensions.swift */,
			);
			name = Models;
			sourceTree = "<group>";
		};
		7D16557E1DBD5FC300A69CDE /* Views */ = {
			isa = PBXGroup;
			children = (
				7D79E4C91DBB039D004E18F5 /* Main.storyboard */,
				7D79E4CE1DBB039D004E18F5 /* LaunchScreen.storyboard */,
				7D0145A31DBBEBF5002FA6E7 /* HeroView.swift */,
				7D0145A11DBBEBC7002FA6E7 /* HeroView.xib */,
				7D0145AB1DBC3EB2002FA6E7 /* HeroSectionView.swift */,
				7D0145A91DBC3EA1002FA6E7 /* HeroSectionView.xib */,
				7D16556F1DBD156E00A69CDE /* McCreeWeaponView.swift */,
				7D16556D1DBD155F00A69CDE /* McCreeWeaponView.xib */,
				7D0145A51DBC0EAC002FA6E7 /* HeroTableViewCell.swift */,
				7DE52D311DC58844000D680E /* HeroPortraitView.swift */,
				7DE52D331DC5885A000D680E /* HeroPortraitView.xib */,
				7DE52D491DC5AB0D000D680E /* HeroStoryView.swift */,
				7DE52D471DC5AAF3000D680E /* HeroStoryView.xib */,
			);
			name = Views;
			sourceTree = "<group>";
		};
		7D16557F1DBD600C00A69CDE /* Nodes */ = {
			isa = PBXGroup;
			children = (
				7D1655721DBD1ABF00A69CDE /* smoke.png */,
				7D1655771DBD3A4900A69CDE /* McCreeSmoke.scnp */,
				7DE52D2E1DC586C1000D680E /* star.png */,
				7DE52D361DC590C2000D680E /* spark.png */,
				7DE52D3A1DC59810000D680E /* confetti.png */,
				7DE52D401DC5998F000D680E /* bokeh.png */,
				7DE52D451DC59E46000D680E /* StarStuff.scnp */,
			);
			name = Nodes;
			sourceTree = "<group>";
		};
		7D1655801DBD602200A69CDE /* Sounds */ = {
			isa = PBXGroup;
			children = (
				7D6793261DBC87A10011D3D6 /* GunShot.wav */,
				7D6793281DBC8A180011D3D6 /* GunShot2.wav */,
				7D67932A1DBC941D0011D3D6 /* ElectricSound.wav */,
				7D67932C1DBC96BD0011D3D6 /* ZaryaShot.wav */,
				7D1655751DBD2E7300A69CDE /* ItsHighNoon.mp3 */,
			);
			name = Sounds;
			sourceTree = "<group>";
		};
		7D1655811DBD603C00A69CDE /* Controllers */ = {
			isa = PBXGroup;
			children = (
				7D0145A71DBC0F48002FA6E7 /* HeroTableViewController.swift */,
				7D1655821DBDA09D00A69CDE /* HeroDetailViewController.swift */,
				7D79E4C51DBB039D004E18F5 /* AppDelegate.swift */,
				7D79E4D11DBB039D004E18F5 /* Info.plist */,
			);
			name = Controllers;
			sourceTree = "<group>";
		};
		7D6793231DBC876A0011D3D6 /* Frameworks */ = {
			isa = PBXGroup;
			children = (
				7D6793241DBC876A0011D3D6 /* AVFoundation.framework */,
			);
			name = Frameworks;
			sourceTree = "<group>";
		};
		7D79E4B91DBB039C004E18F5 = {
			isa = PBXGroup;
			children = (
				7D79E4C41DBB039D004E18F5 /* Overwatch */,
				7D79E4C31DBB039D004E18F5 /* Products */,
				7D6793231DBC876A0011D3D6 /* Frameworks */,
			);
			sourceTree = "<group>";
		};
		7D79E4C31DBB039D004E18F5 /* Products */ = {
			isa = PBXGroup;
			children = (
				7D79E4C21DBB039D004E18F5 /* Overwatch.app */,
			);
			name = Products;
			sourceTree = "<group>";
		};
		7D79E4C41DBB039D004E18F5 /* Overwatch */ = {
			isa = PBXGroup;
			children = (
				7D16557D1DBD5FAB00A69CDE /* Models */,
				7D16557E1DBD5FC300A69CDE /* Views */,
				7D1655811DBD603C00A69CDE /* Controllers */,
				7DE52D4B1DC62E6B000D680E /* Stories */,
				7D1655801DBD602200A69CDE /* Sounds */,
				7D16557F1DBD600C00A69CDE /* Nodes */,
				7D79E4CC1DBB039D004E18F5 /* Assets.xcassets */,
			);
			path = Overwatch;
			sourceTree = "<group>";
		};
		7DE52D4B1DC62E6B000D680E /* Stories */ = {
			isa = PBXGroup;
			children = (
				7DE52D4C1DC62E7D000D680E /* GenjiStory.txt */,
				7DE52D4E1DC69458000D680E /* McCreeStory.txt */,
				7DE52D4F1DC69458000D680E /* PharahStory.txt */,
				7DE52D501DC69458000D680E /* ReaperStory.txt */,
				7DE52D561DC6945E000D680E /* TracerStory.txt */,
				7DE52D511DC69458000D680E /* SoldierStory.txt */,
			);
			name = Stories;
			sourceTree = "<group>";
		};
/* End PBXGroup section */

/* Begin PBXNativeTarget section */
		7D79E4C11DBB039C004E18F5 /* Overwatch */ = {
			isa = PBXNativeTarget;
			buildConfigurationList = 7D79E4D41DBB039D004E18F5 /* Build configuration list for PBXNativeTarget "Overwatch" */;
			buildPhases = (
				7D79E4BE1DBB039C004E18F5 /* Sources */,
				7D79E4BF1DBB039C004E18F5 /* Frameworks */,
				7D79E4C01DBB039C004E18F5 /* Resources */,
			);
			buildRules = (
			);
			dependencies = (
			);
			name = Overwatch;
			productName = Overwatch;
			productReference = 7D79E4C21DBB039D004E18F5 /* Overwatch.app */;
			productType = "com.apple.product-type.application";
		};
/* End PBXNativeTarget section */

/* Begin PBXProject section */
		7D79E4BA1DBB039C004E18F5 /* Project object */ = {
			isa = PBXProject;
			attributes = {
				LastSwiftUpdateCheck = 0800;
				LastUpgradeCheck = 0810;
				ORGANIZATIONNAME = "Gamesmith, LLC";
				TargetAttributes = {
					7D79E4C11DBB039C004E18F5 = {
						CreatedOnToolsVersion = 8.0;
						DevelopmentTeam = 3E2QGNXM7N;
						ProvisioningStyle = Automatic;
					};
				};
			};
			buildConfigurationList = 7D79E4BD1DBB039C004E18F5 /* Build configuration list for PBXProject "Overwatch" */;
			compatibilityVersion = "Xcode 3.2";
			developmentRegion = English;
			hasScannedForEncodings = 0;
			knownRegions = (
				en,
				Base,
			);
			mainGroup = 7D79E4B91DBB039C004E18F5;
			productRefGroup = 7D79E4C31DBB039D004E18F5 /* Products */;
			projectDirPath = "";
			projectRoot = "";
			targets = (
				7D79E4C11DBB039C004E18F5 /* Overwatch */,
			);
		};
/* End PBXProject section */

/* Begin PBXResourcesBuildPhase section */
		7D79E4C01DBB039C004E18F5 /* Resources */ = {
			isa = PBXResourcesBuildPhase;
			buildActionMask = 2147483647;
			files = (
				7D79E4D01DBB039D004E18F5 /* LaunchScreen.storyboard in Resources */,
				7D67932B1DBC941D0011D3D6 /* ElectricSound.wav in Resources */,
				7D1655761DBD2E7300A69CDE /* ItsHighNoon.mp3 in Resources */,
				7DE52D341DC5885A000D680E /* HeroPortraitView.xib in Resources */,
				7D79E4CD1DBB039D004E18F5 /* Assets.xcassets in Resources */,
				7DE52D3C1DC59810000D680E /* confetti.png in Resources */,
				7D6793291DBC8A180011D3D6 /* GunShot2.wav in Resources */,
				7D0145AA1DBC3EA1002FA6E7 /* HeroSectionView.xib in Resources */,
				7DE52D531DC69458000D680E /* PharahStory.txt in Resources */,
				7DE52D4D1DC62E7D000D680E /* GenjiStory.txt in Resources */,
				7DE52D481DC5AAF3000D680E /* HeroStoryView.xib in Resources */,
				7DE52D571DC6945E000D680E /* TracerStory.txt in Resources */,
				7D16556E1DBD155F00A69CDE /* McCreeWeaponView.xib in Resources */,
				7D1655741DBD1ABF00A69CDE /* smoke.png in Resources */,
				7DE52D461DC59E46000D680E /* StarStuff.scnp in Resources */,
				7D6793271DBC87A10011D3D6 /* GunShot.wav in Resources */,
				7D0145A21DBBEBC7002FA6E7 /* HeroView.xib in Resources */,
				7DE52D521DC69458000D680E /* McCreeStory.txt in Resources */,
				7DE52D551DC69458000D680E /* SoldierStory.txt in Resources */,
				7DE52D301DC586C1000D680E /* star.png in Resources */,
				7DE52D421DC5998F000D680E /* bokeh.png in Resources */,
				7D67932D1DBC96BD0011D3D6 /* ZaryaShot.wav in Resources */,
				7D1655781DBD3A4900A69CDE /* McCreeSmoke.scnp in Resources */,
				7DE52D541DC69458000D680E /* ReaperStory.txt in Resources */,
				7D79E4CB1DBB039D004E18F5 /* Main.storyboard in Resources */,
				7DE52D381DC590C2000D680E /* spark.png in Resources */,
			);
			runOnlyForDeploymentPostprocessing = 0;
		};
/* End PBXResourcesBuildPhase section */

/* Begin PBXSourcesBuildPhase section */
		7D79E4BE1DBB039C004E18F5 /* Sources */ = {
			isa = PBXSourcesBuildPhase;
			buildActionMask = 2147483647;
			files = (
				7D16557C1DBD5F2200A69CDE /* HeroAttributes.swift in Sources */,
				7D0145A01DBBE8DC002FA6E7 /* Overwatch.swift in Sources */,
				7DE52D4A1DC5AB0D000D680E /* HeroStoryView.swift in Sources */,
				7D168DA31DBB04420035B5D5 /* OverwatchHero.swift in Sources */,
				7D0145A41DBBEBF5002FA6E7 /* HeroView.swift in Sources */,
				7D1655701DBD156E00A69CDE /* McCreeWeaponView.swift in Sources */,
				7D1655831DBDA09D00A69CDE /* HeroDetailViewController.swift in Sources */,
				7D79E4C61DBB039D004E18F5 /* AppDelegate.swift in Sources */,
				7D0145A81DBC0F48002FA6E7 /* HeroTableViewController.swift in Sources */,
				7D0145A61DBC0EAC002FA6E7 /* HeroTableViewCell.swift in Sources */,
				7D0145AC1DBC3EB2002FA6E7 /* HeroSectionView.swift in Sources */,
				7DE52D321DC58844000D680E /* HeroPortraitView.swift in Sources */,
				7D16557A1DBD5E6000A69CDE /* Extensions.swift in Sources */,
				7D168DA51DBB0EBB0035B5D5 /* Hero.swift in Sources */,
			);
			runOnlyForDeploymentPostprocessing = 0;
		};
/* End PBXSourcesBuildPhase section */

/* Begin PBXVariantGroup section */
		7D79E4C91DBB039D004E18F5 /* Main.storyboard */ = {
			isa = PBXVariantGroup;
			children = (
				7D79E4CA1DBB039D004E18F5 /* Base */,
			);
			name = Main.storyboard;
			sourceTree = "<group>";
		};
		7D79E4CE1DBB039D004E18F5 /* LaunchScreen.storyboard */ = {
			isa = PBXVariantGroup;
			children = (
				7D79E4CF1DBB039D004E18F5 /* Base */,
			);
			name = LaunchScreen.storyboard;
			sourceTree = "<group>";
		};
/* End PBXVariantGroup section */

/* Begin XCBuildConfiguration section */
		7D79E4D21DBB039D004E18F5 /* Debug */ = {
			isa = XCBuildConfiguration;
			buildSettings = {
				ALWAYS_SEARCH_USER_PATHS = NO;
				CLANG_ANALYZER_NONNULL = YES;
				CLANG_CXX_LANGUAGE_STANDARD = "gnu++0x";
				CLANG_CXX_LIBRARY = "libc++";
				CLANG_ENABLE_MODULES = YES;
				CLANG_ENABLE_OBJC_ARC = YES;
				CLANG_WARN_BOOL_CONVERSION = YES;
				CLANG_WARN_CONSTANT_CONVERSION = YES;
				CLANG_WARN_DIRECT_OBJC_ISA_USAGE = YES_ERROR;
				CLANG_WARN_DOCUMENTATION_COMMENTS = YES;
				CLANG_WARN_EMPTY_BODY = YES;
				CLANG_WARN_ENUM_CONVERSION = YES;
				CLANG_WARN_INFINITE_RECURSION = YES;
				CLANG_WARN_INT_CONVERSION = YES;
				CLANG_WARN_OBJC_ROOT_CLASS = YES_ERROR;
				CLANG_WARN_SUSPICIOUS_MOVE = YES;
				CLANG_WARN_SUSPICIOUS_MOVES = YES;
				CLANG_WARN_UNREACHABLE_CODE = YES;
				CLANG_WARN__DUPLICATE_METHOD_MATCH = YES;
				"CODE_SIGN_IDENTITY[sdk=iphoneos*]" = "iPhone Developer";
				COPY_PHASE_STRIP = NO;
				DEBUG_INFORMATION_FORMAT = dwarf;
				ENABLE_STRICT_OBJC_MSGSEND = YES;
				ENABLE_TESTABILITY = YES;
				GCC_C_LANGUAGE_STANDARD = gnu99;
				GCC_DYNAMIC_NO_PIC = NO;
				GCC_NO_COMMON_BLOCKS = YES;
				GCC_OPTIMIZATION_LEVEL = 0;
				GCC_PREPROCESSOR_DEFINITIONS = (
					"DEBUG=1",
					"$(inherited)",
				);
				GCC_WARN_64_TO_32_BIT_CONVERSION = YES;
				GCC_WARN_ABOUT_RETURN_TYPE = YES_ERROR;
				GCC_WARN_UNDECLARED_SELECTOR = YES;
				GCC_WARN_UNINITIALIZED_AUTOS = YES_AGGRESSIVE;
				GCC_WARN_UNUSED_FUNCTION = YES;
				GCC_WARN_UNUSED_VARIABLE = YES;
				IPHONEOS_DEPLOYMENT_TARGET = 10.0;
				MTL_ENABLE_DEBUG_INFO = YES;
				ONLY_ACTIVE_ARCH = YES;
				SDKROOT = iphoneos;
				SWIFT_ACTIVE_COMPILATION_CONDITIONS = DEBUG;
				SWIFT_OPTIMIZATION_LEVEL = "-Onone";
			};
			name = Debug;
		};
		7D79E4D31DBB039D004E18F5 /* Release */ = {
			isa = XCBuildConfiguration;
			buildSettings = {
				ALWAYS_SEARCH_USER_PATHS = NO;
				CLANG_ANALYZER_NONNULL = YES;
				CLANG_CXX_LANGUAGE_STANDARD = "gnu++0x";
				CLANG_CXX_LIBRARY = "libc++";
				CLANG_ENABLE_MODULES = YES;
				CLANG_ENABLE_OBJC_ARC = YES;
				CLANG_WARN_BOOL_CONVERSION = YES;
				CLANG_WARN_CONSTANT_CONVERSION = YES;
				CLANG_WARN_DIRECT_OBJC_ISA_USAGE = YES_ERROR;
				CLANG_WARN_DOCUMENTATION_COMMENTS = YES;
				CLANG_WARN_EMPTY_BODY = YES;
				CLANG_WARN_ENUM_CONVERSION = YES;
				CLANG_WARN_INFINITE_RECURSION = YES;
				CLANG_WARN_INT_CONVERSION = YES;
				CLANG_WARN_OBJC_ROOT_CLASS = YES_ERROR;
				CLANG_WARN_SUSPICIOUS_MOVE = YES;
				CLANG_WARN_SUSPICIOUS_MOVES = YES;
				CLANG_WARN_UNREACHABLE_CODE = YES;
				CLANG_WARN__DUPLICATE_METHOD_MATCH = YES;
				"CODE_SIGN_IDENTITY[sdk=iphoneos*]" = "iPhone Developer";
				COPY_PHASE_STRIP = NO;
				DEBUG_INFORMATION_FORMAT = "dwarf-with-dsym";
				ENABLE_NS_ASSERTIONS = NO;
				ENABLE_STRICT_OBJC_MSGSEND = YES;
				GCC_C_LANGUAGE_STANDARD = gnu99;
				GCC_NO_COMMON_BLOCKS = YES;
				GCC_WARN_64_TO_32_BIT_CONVERSION = YES;
				GCC_WARN_ABOUT_RETURN_TYPE = YES_ERROR;
				GCC_WARN_UNDECLARED_SELECTOR = YES;
				GCC_WARN_UNINITIALIZED_AUTOS = YES_AGGRESSIVE;
				GCC_WARN_UNUSED_FUNCTION = YES;
				GCC_WARN_UNUSED_VARIABLE = YES;
				IPHONEOS_DEPLOYMENT_TARGET = 10.0;
				MTL_ENABLE_DEBUG_INFO = NO;
				SDKROOT = iphoneos;
				SWIFT_OPTIMIZATION_LEVEL = "-Owholemodule";
				VALIDATE_PRODUCT = YES;
			};
			name = Release;
		};
		7D79E4D51DBB039D004E18F5 /* Debug */ = {
			isa = XCBuildConfiguration;
			buildSettings = {
				ASSETCATALOG_COMPILER_APPICON_NAME = AppIcon;
				DEVELOPMENT_TEAM = 3E2QGNXM7N;
				INFOPLIST_FILE = Overwatch/Info.plist;
				LD_RUNPATH_SEARCH_PATHS = "$(inherited) @executable_path/Frameworks";
				PRODUCT_BUNDLE_IDENTIFIER = com.Gamesmith.Swift.Overwatch;
				PRODUCT_NAME = "$(TARGET_NAME)";
				SWIFT_VERSION = 3.0;
			};
			name = Debug;
		};
		7D79E4D61DBB039D004E18F5 /* Release */ = {
			isa = XCBuildConfiguration;
			buildSettings = {
				ASSETCATALOG_COMPILER_APPICON_NAME = AppIcon;
				DEVELOPMENT_TEAM = 3E2QGNXM7N;
				INFOPLIST_FILE = Overwatch/Info.plist;
				LD_RUNPATH_SEARCH_PATHS = "$(inherited) @executable_path/Frameworks";
				PRODUCT_BUNDLE_IDENTIFIER = com.Gamesmith.Swift.Overwatch;
				PRODUCT_NAME = "$(TARGET_NAME)";
				SWIFT_VERSION = 3.0;
			};
			name = Release;
		};
/* End XCBuildConfiguration section */

/* Begin XCConfigurationList section */
		7D79E4BD1DBB039C004E18F5 /* Build configuration list for PBXProject "Overwatch" */ = {
			isa = XCConfigurationList;
			buildConfigurations = (
				7D79E4D21DBB039D004E18F5 /* Debug */,
				7D79E4D31DBB039D004E18F5 /* Release */,
			);
			defaultConfigurationIsVisible = 0;
			defaultConfigurationName = Release;
		};
		7D79E4D41DBB039D004E18F5 /* Build configuration list for PBXNativeTarget "Overwatch" */ = {
			isa = XCConfigurationList;
			buildConfigurations = (
				7D79E4D51DBB039D004E18F5 /* Debug */,
				7D79E4D61DBB039D004E18F5 /* Release */,
			);
			defaultConfigurationIsVisible = 0;
			defaultConfigurationName = Release;
		};
/* End XCConfigurationList section */
	};
	rootObject = 7D79E4BA1DBB039C004E18F5 /* Project object */;
}
